
Microsoft Visual Studio Solution File, Format Version 12.00
# Visual Studio Version 16
VisualStudioVersion = 16.0.30128.74
MinimumVisualStudioVersion = 10.0.40219.1
Project("{FAE04EC0-301F-11D3-BF4B-00C04F79EFBC}") = "Görev Yöneticisi Mulakat", "Görev Yöneticisi Mulakat\Görev Yöneticisi Mulakat.csproj", "{527919BA-4D97-44F8-ADFE-4FF6F45AFF1B}"
EndProject
Global
	GlobalSection(SolutionConfigurationPlatforms) = preSolution
		Debug|Any CPU = Debug|Any CPU
		Release|Any CPU = Release|Any CPU
	EndGlobalSection
	GlobalSection(ProjectConfigurationPlatforms) = postSolution
		{527919BA-4D97-44F8-ADFE-4FF6F45AFF1B}.Debug|Any CPU.ActiveCfg = Debug|Any CPU
		{527919BA-4D97-44F8-ADFE-4FF6F45AFF1B}.Debug|Any CPU.Build.0 = Debug|Any CPU
		{527919BA-4D97-44F8-ADFE-4FF6F45AFF1B}.Release|Any CPU.ActiveCfg = Release|Any CPU
		{527919BA-4D97-44F8-ADFE-4FF6F45AFF1B}.Release|Any CPU.Build.0 = Release|Any CPU
	EndGlobalSection
	GlobalSection(SolutionProperties) = preSolution
		HideSolutionNode = FALSE
	EndGlobalSection
	GlobalSection(ExtensibilityGlobals) = postSolution
		SolutionGuid = {0ADEFBD7-46CD-4B73-965E-C8EE83737847}
	EndGlobalSection
EndGlobal
